// !$*UTF8*$!
{
	archiveVersion = 1;
	classes = {
	};
	objectVersion = 77;
	objects = {

/* Begin PBXContainerItemProxy section */
		5BE84F0A2D4DD1E700700AEE /* PBXContainerItemProxy */ = {
			isa = PBXContainerItemProxy;
			containerPortal = 5BE84EEB2D4DD1E400700AEE /* Project object */;
			proxyType = 1;
			remoteGlobalIDString = 5BE84EF22D4DD1E400700AEE;
			remoteInfo = "Codepath Project 1";
		};
		5BE84F142D4DD1E700700AEE /* PBXContainerItemProxy */ = {
			isa = PBXContainerItemProxy;
			containerPortal = 5BE84EEB2D4DD1E400700AEE /* Project object */;
			proxyType = 1;
			remoteGlobalIDString = 5BE84EF22D4DD1E400700AEE;
			remoteInfo = "Codepath Project 1";
		};
/* End PBXContainerItemProxy section */

/* Begin PBXFileReference section */
		5BE84EF32D4DD1E400700AEE /* Codepath Project 1.app */ = {isa = PBXFileReference; explicitFileType = wrapper.application; includeInIndex = 0; path = "Codepath Project 1.app"; sourceTree = BUILT_PRODUCTS_DIR; };
		5BE84F092D4DD1E700700AEE /* Codepath Project 1Tests.xctest */ = {isa = PBXFileReference; explicitFileType = wrapper.cfbundle; includeInIndex = 0; path = "Codepath Project 1Tests.xctest"; sourceTree = BUILT_PRODUCTS_DIR; };
		5BE84F132D4DD1E700700AEE /* Codepath Project 1UITests.xctest */ = {isa = PBXFileReference; explicitFileType = wrapper.cfbundle; includeInIndex = 0; path = "Codepath Project 1UITests.xctest"; sourceTree = BUILT_PRODUCTS_DIR; };
/* End PBXFileReference section */

/* Begin PBXFileSystemSynchronizedBuildFileExceptionSet section */
		5BE84F1B2D4DD1E700700AEE /* Exceptions for "Codepath Project 1" folder in "Codepath Project 1" target */ = {
			isa = PBXFileSystemSynchronizedBuildFileExceptionSet;
			membershipExceptions = (
				Info.plist,
			);
			target = 5BE84EF22D4DD1E400700AEE /* Codepath Project 1 */;
		};
/* End PBXFileSystemSynchronizedBuildFileExceptionSet section */

/* Begin PBXFileSystemSynchronizedRootGroup section */
		5BE84EF52D4DD1E400700AEE /* Codepath Project 1 */ = {
			isa = PBXFileSystemSynchronizedRootGroup;
			exceptions = (
				5BE84F1B2D4DD1E700700AEE /* Exceptions for "Codepath Project 1" folder in "Codepath Project 1" target */,
			);
			path = "Codepath Project 1";
			sourceTree = "<group>";
		};
		5BE84F0C2D4DD1E700700AEE /* Codepath Project 1Tests */ = {
			isa = PBXFileSystemSynchronizedRootGroup;
			path = "Codepath Project 1Tests";
			sourceTree = "<group>";
		};
		5BE84F162D4DD1E700700AEE /* Codepath Project 1UITests */ = {
			isa = PBXFileSystemSynchronizedRootGroup;
			path = "Codepath Project 1UITests";
			sourceTree = "<group>";
		};
/* End PBXFileSystemSynchronizedRootGroup section */

/* Begin PBXFrameworksBuildPhase section */
		5BE84EF02D4DD1E400700AEE /* Frameworks */ = {
			isa = PBXFrameworksBuildPhase;
			buildActionMask = 2147483647;
			files = (
			);
			runOnlyForDeploymentPostprocessing = 0;
		};
		5BE84F062D4DD1E700700AEE /* Frameworks */ = {
			isa = PBXFrameworksBuildPhase;
			buildActionMask = 2147483647;
			files = (
			);
			runOnlyForDeploymentPostprocessing = 0;
		};
		5BE84F102D4DD1E700700AEE /* Frameworks */ = {
			isa = PBXFrameworksBuildPhase;
			buildActionMask = 2147483647;
			files = (
			);
			runOnlyForDeploymentPostprocessing = 0;
		};
/* End PBXFrameworksBuildPhase section */

/* Begin PBXGroup section */
		5BE84EEA2D4DD1E400700AEE = {
			isa = PBXGroup;
			children = (
				5BE84EF52D4DD1E400700AEE /* Codepath Project 1 */,
				5BE84F0C2D4DD1E700700AEE /* Codepath Project 1Tests */,
				5BE84F162D4DD1E700700AEE /* Codepath Project 1UITests */,
				5BE84EF42D4DD1E400700AEE /* Products */,
			);
			sourceTree = "<group>";
		};
		5BE84EF42D4DD1E400700AEE /* Products */ = {
			isa = PBXGroup;
			children = (
				5BE84EF32D4DD1E400700AEE /* Codepath Project 1.app */,
				5BE84F092D4DD1E700700AEE /* Codepath Project 1Tests.xctest */,
				5BE84F132D4DD1E700700AEE /* Codepath Project 1UITests.xctest */,
			);
			name = Products;
			sourceTree = "<group>";
		};
/* End PBXGroup section */

/* Begin PBXNativeTarget section */
		5BE84EF22D4DD1E400700AEE /* Codepath Project 1 */ = {
			isa = PBXNativeTarget;
			buildConfigurationList = 5BE84F1C2D4DD1E700700AEE /* Build configuration list for PBXNativeTarget "Codepath Project 1" */;
			buildPhases = (
				5BE84EEF2D4DD1E400700AEE /* Sources */,
				5BE84EF02D4DD1E400700AEE /* Frameworks */,
				5BE84EF12D4DD1E400700AEE /* Resources */,
			);
			buildRules = (
			);
			dependencies = (
			);
			fileSystemSynchronizedGroups = (
				5BE84EF52D4DD1E400700AEE /* Codepath Project 1 */,
			);
			name = "Codepath Project 1";
			packageProductDependencies = (
			);
			productName = "Codepath Project 1";
			productReference = 5BE84EF32D4DD1E400700AEE /* Codepath Project 1.app */;
			productType = "com.apple.product-type.application";
		};
		5BE84F082D4DD1E700700AEE /* Codepath Project 1Tests */ = {
			isa = PBXNativeTarget;
			buildConfigurationList = 5BE84F212D4DD1E700700AEE /* Build configuration list for PBXNativeTarget "Codepath Project 1Tests" */;
			buildPhases = (
				5BE84F052D4DD1E700700AEE /* Sources */,
				5BE84F062D4DD1E700700AEE /* Frameworks */,
				5BE84F072D4DD1E700700AEE /* Resources */,
			);
			buildRules = (
			);
			dependencies = (
				5BE84F0B2D4DD1E700700AEE /* PBXTargetDependency */,
			);
			fileSystemSynchronizedGroups = (
				5BE84F0C2D4DD1E700700AEE /* Codepath Project 1Tests */,
			);
			name = "Codepath Project 1Tests";
			packageProductDependencies = (
			);
			productName = "Codepath Project 1Tests";
			productReference = 5BE84F092D4DD1E700700AEE /* Codepath Project 1Tests.xctest */;
			productType = "com.apple.product-type.bundle.unit-test";
		};
		5BE84F122D4DD1E700700AEE /* Codepath Project 1UITests */ = {
			isa = PBXNativeTarget;
			buildConfigurationList = 5BE84F242D4DD1E700700AEE /* Build configuration list for PBXNativeTarget "Codepath Project 1UITests" */;
			buildPhases = (
				5BE84F0F2D4DD1E700700AEE /* Sources */,
				5BE84F102D4DD1E700700AEE /* Frameworks */,
				5BE84F112D4DD1E700700AEE /* Resources */,
			);
			buildRules = (
			);
			dependencies = (
				5BE84F152D4DD1E700700AEE /* PBXTargetDependency */,
			);
			fileSystemSynchronizedGroups = (
				5BE84F162D4DD1E700700AEE /* Codepath Project 1UITests */,
			);
			name = "Codepath Project 1UITests";
			packageProductDependencies = (
			);
			productName = "Codepath Project 1UITests";
			productReference = 5BE84F132D4DD1E700700AEE /* Codepath Project 1UITests.xctest */;
			productType = "com.apple.product-type.bundle.ui-testing";
		};
/* End PBXNativeTarget section */

/* Begin PBXProject section */
		5BE84EEB2D4DD1E400700AEE /* Project object */ = {
			isa = PBXProject;
			attributes = {
				BuildIndependentTargetsInParallel = 1;
				LastSwiftUpdateCheck = 1620;
				LastUpgradeCheck = 1620;
				TargetAttributes = {
					5BE84EF22D4DD1E400700AEE = {
						CreatedOnToolsVersion = 16.2;
					};
					5BE84F082D4DD1E700700AEE = {
						CreatedOnToolsVersion = 16.2;
						TestTargetID = 5BE84EF22D4DD1E400700AEE;
					};
					5BE84F122D4DD1E700700AEE = {
						CreatedOnToolsVersion = 16.2;
						TestTargetID = 5BE84EF22D4DD1E400700AEE;
					};
				};
			};
			buildConfigurationList = 5BE84EEE2D4DD1E400700AEE /* Build configuration list for PBXProject "Codepath Project 1" */;
			developmentRegion = en;
			hasScannedForEncodings = 0;
			knownRegions = (
				en,
				Base,
			);
			mainGroup = 5BE84EEA2D4DD1E400700AEE;
			minimizedProjectReferenceProxies = 1;
			preferredProjectObjectVersion = 77;
			productRefGroup = 5BE84EF42D4DD1E400700AEE /* Products */;
			projectDirPath = "";
			projectRoot = "";
			targets = (
				5BE84EF22D4DD1E400700AEE /* Codepath Project 1 */,
				5BE84F082D4DD1E700700AEE /* Codepath Project 1Tests */,
				5BE84F122D4DD1E700700AEE /* Codepath Project 1UITests */,
			);
		};
/* End PBXProject section */

/* Begin PBXResourcesBuildPhase section */
		5BE84EF12D4DD1E400700AEE /* Resources */ = {
			isa = PBXResourcesBuildPhase;
			buildActionMask = 2147483647;
			files = (
			);
			runOnlyForDeploymentPostprocessing = 0;
		};
		5BE84F072D4DD1E700700AEE /* Resources */ = {
			isa = PBXResourcesBuildPhase;
			buildActionMask = 2147483647;
			files = (
			);
			runOnlyForDeploymentPostprocessing = 0;
		};
		5BE84F112D4DD1E700700AEE /* Resources */ = {
			isa = PBXResourcesBuildPhase;
			buildActionMask = 2147483647;
			files = (
			);
			runOnlyForDeploymentPostprocessing = 0;
		};
/* End PBXResourcesBuildPhase section */

/* Begin PBXSourcesBuildPhase section */
		5BE84EEF2D4DD1E400700AEE /* Sources */ = {
			isa = PBXSourcesBuildPhase;
			buildActionMask = 2147483647;
			files = (
			);
			runOnlyForDeploymentPostprocessing = 0;
		};
		5BE84F052D4DD1E700700AEE /* Sources */ = {
			isa = PBXSourcesBuildPhase;
			buildActionMask = 2147483647;
			files = (
			);
			runOnlyForDeploymentPostprocessing = 0;
		};
		5BE84F0F2D4DD1E700700AEE /* Sources */ = {
			isa = PBXSourcesBuildPhase;
			buildActionMask = 2147483647;
			files = (
			);
			runOnlyForDeploymentPostprocessing = 0;
		};
/* End PBXSourcesBuildPhase section */

/* Begin PBXTargetDependency section */
		5BE84F0B2D4DD1E700700AEE /* PBXTargetDependency */ = {
			isa = PBXTargetDependency;
			target = 5BE84EF22D4DD1E400700AEE /* Codepath Project 1 */;
			targetProxy = 5BE84F0A2D4DD1E700700AEE /* PBXContainerItemProxy */;
		};
		5BE84F152D4DD1E700700AEE /* PBXTargetDependency */ = {
			isa = PBXTargetDependency;
			target = 5BE84EF22D4DD1E400700AEE /* Codepath Project 1 */;
			targetProxy = 5BE84F142D4DD1E700700AEE /* PBXContainerItemProxy */;
		};
/* End PBXTargetDependency section */

/* Begin XCBuildConfiguration section */
		5BE84F1D2D4DD1E700700AEE /* Debug */ = {
			isa = XCBuildConfiguration;
			buildSettings = {
				ASSETCATALOG_COMPILER_APPICON_NAME = AppIcon;
				ASSETCATALOG_COMPILER_GLOBAL_ACCENT_COLOR_NAME = AccentColor;
				CODE_SIGN_STYLE = Automatic;
				CURRENT_PROJECT_VERSION = 1;
				GENERATE_INFOPLIST_FILE = YES;
				INFOPLIST_FILE = "Codepath Project 1/Info.plist";
				INFOPLIST_KEY_UIApplicationSupportsIndirectInputEvents = YES;
				INFOPLIST_KEY_UILaunchStoryboardName = LaunchScreen;
				INFOPLIST_KEY_UIMainStoryboardFile = Main;
				INFOPLIST_KEY_UISupportedInterfaceOrientations_iPad = "UIInterfaceOrientationPortrait UIInterfaceOrientationPortraitUpsideDown UIInterfaceOrientationLandscapeLeft UIInterfaceOrientationLandscapeRight";
				INFOPLIST_KEY_UISupportedInterfaceOrientations_iPhone = "UIInterfaceOrientationPortrait UIInterfaceOrientationLandscapeLeft UIInterfaceOrientationLandscapeRight";
				LD_RUNPATH_SEARCH_PATHS = (
					"$(inherited)",
					"@executable_path/Frameworks",
				);
				MARKETING_VERSION = 1.0;
				PRODUCT_BUNDLE_IDENTIFIER = "com.shuvangeeseth.Codepath-Project-1";
				PRODUCT_NAME = "$(TARGET_NAME)";
				SWIFT_EMIT_LOC_STRINGS = YES;
				SWIFT_VERSION = 5.0;
				TARGETED_DEVICE_FAMILY = "1,2";
			};
			name = Debug;
		};
		5BE84F1E2D4DD1E700700AEE /* Release */ = {
			isa = XCBuildConfiguration;
			buildSettings = {
				ASSETCATALOG_COMPILER_APPICON_NAME = AppIcon;
				ASSETCATALOG_COMPILER_GLOBAL_ACCENT_COLOR_NAME = AccentColor;
				CODE_SIGN_STYLE = Automatic;
				CURRENT_PROJECT_VERSION = 1;
				GENERATE_INFOPLIST_FILE = YES;
				INFOPLIST_FILE = "Codepath Project 1/Info.plist";
				INFOPLIST_KEY_UIApplicationSupportsIndirectInputEvents = YES;
				INFOPLIST_KEY_UILaunchStoryboardName = LaunchScreen;
				INFOPLIST_KEY_UIMainStoryboardFile = Main;
				INFOPLIST_KEY_UISupportedInterfaceOrientations_iPad = "UIInterfaceOrientationPortrait UIInterfaceOrientationPortraitUpsideDown UIInterfaceOrientationLandscapeLeft UIInterfaceOrientationLandscapeRight";
				INFOPLIST_KEY_UISupportedInterfaceOrientations_iPhone = "UIInterfaceOrientationPortrait UIInterfaceOrientationLandscapeLeft UIInterfaceOrientationLandscapeRight";
				LD_RUNPATH_SEARCH_PATHS = (
					"$(inherited)",
					"@executable_path/Frameworks",
				);
				MARKETING_VERSION = 1.0;
				PRODUCT_BUNDLE_IDENTIFIER = "com.shuvangeeseth.Codepath-Project-1";
				PRODUCT_NAME = "$(TARGET_NAME)";
				SWIFT_EMIT_LOC_STRINGS = YES;
				SWIFT_VERSION = 5.0;
				TARGETED_DEVICE_FAMILY = "1,2";
			};
			name = Release;
		};
		5BE84F1F2D4DD1E700700AEE /* Debug */ = {
			isa = XCBuildConfiguration;
			buildSettings = {
				ALWAYS_SEARCH_USER_PATHS = NO;
				ASSETCATALOG_COMPILER_GENERATE_SWIFT_ASSET_SYMBOL_EXTENSIONS = YES;
				CLANG_ANALYZER_NONNULL = YES;
				CLANG_ANALYZER_NUMBER_OBJECT_CONVERSION = YES_AGGRESSIVE;
				CLANG_CXX_LANGUAGE_STANDARD = "gnu++20";
				CLANG_ENABLE_MODULES = YES;
				CLANG_ENABLE_OBJC_ARC = YES;
				CLANG_ENABLE_OBJC_WEAK = YES;
				CLANG_WARN_BLOCK_CAPTURE_AUTORELEASING = YES;
				CLANG_WARN_BOOL_CONVERSION = YES;
				CLANG_WARN_COMMA = YES;
				CLANG_WARN_CONSTANT_CONVERSION = YES;
				CLANG_WARN_DEPRECATED_OBJC_IMPLEMENTATIONS = YES;
				CLANG_WARN_DIRECT_OBJC_ISA_USAGE = YES_ERROR;
				CLANG_WARN_DOCUMENTATION_COMMENTS = YES;
				CLANG_WARN_EMPTY_BODY = YES;
				CLANG_WARN_ENUM_CONVERSION = YES;
				CLANG_WARN_INFINITE_RECURSION = YES;
				CLANG_WARN_INT_CONVERSION = YES;
				CLANG_WARN_NON_LITERAL_NULL_CONVERSION = YES;
				CLANG_WARN_OBJC_IMPLICIT_RETAIN_SELF = YES;
				CLANG_WARN_OBJC_LITERAL_CONVERSION = YES;
				CLANG_WARN_OBJC_ROOT_CLASS = YES_ERROR;
				CLANG_WARN_QUOTED_INCLUDE_IN_FRAMEWORK_HEADER = YES;
				CLANG_WARN_RANGE_LOOP_ANALYSIS = YES;
				CLANG_WARN_STRICT_PROTOTYPES = YES;
				CLANG_WARN_SUSPICIOUS_MOVE = YES;
				CLANG_WARN_UNGUARDED_AVAILABILITY = YES_AGGRESSIVE;
				CLANG_WARN_UNREACHABLE_CODE = YES;
				CLANG_WARN__DUPLICATE_METHOD_MATCH = YES;
				COPY_PHASE_STRIP = NO;
				DEBUG_INFORMATION_FORMAT = dwarf;
				ENABLE_STRICT_OBJC_MSGSEND = YES;
				ENABLE_TESTABILITY = YES;
				ENABLE_USER_SCRIPT_SANDBOXING = YES;
				GCC_C_LANGUAGE_STANDARD = gnu17;
				GCC_DYNAMIC_NO_PIC = NO;
				GCC_NO_COMMON_BLOCKS = YES;
				GCC_OPTIMIZATION_LEVEL = 0;
				GCC_PREPROCESSOR_DEFINITIONS = (
					"DEBUG=1",
					"$(inherited)",
				);
				GCC_WARN_64_TO_32_BIT_CONVERSION = YES;
				GCC_WARN_ABOUT_RETURN_TYPE = YES_ERROR;
				GCC_WARN_UNDECLARED_SELECTOR = YES;
				GCC_WARN_UNINITIALIZED_AUTOS = YES_AGGRESSIVE;
				GCC_WARN_UNUSED_FUNCTION = YES;
				GCC_WARN_UNUSED_VARIABLE = YES;
				IPHONEOS_DEPLOYMENT_TARGET = 18.2;
				LOCALIZATION_PREFERS_STRING_CATALOGS = YES;
				MTL_ENABLE_DEBUG_INFO = INCLUDE_SOURCE;
				MTL_FAST_MATH = YES;
				ONLY_ACTIVE_ARCH = YES;
				SDKROOT = iphoneos;
				SWIFT_ACTIVE_COMPILATION_CONDITIONS = "DEBUG $(inherited)";
				SWIFT_OPTIMIZATION_LEVEL = "-Onone";
			};
			name = Debug;
		};
		5BE84F202D4DD1E700700AEE /* Release */ = {
			isa = XCBuildConfiguration;
			buildSettings = {
				ALWAYS_SEARCH_USER_PATHS = NO;
				ASSETCATALOG_COMPILER_GENERATE_SWIFT_ASSET_SYMBOL_EXTENSIONS = YES;
				CLANG_ANALYZER_NONNULL = YES;
				CLANG_ANALYZER_NUMBER_OBJECT_CONVERSION = YES_AGGRESSIVE;
				CLANG_CXX_LANGUAGE_STANDARD = "gnu++20";
				CLANG_ENABLE_MODULES = YES;
				CLANG_ENABLE_OBJC_ARC = YES;
				CLANG_ENABLE_OBJC_WEAK = YES;
				CLANG_WARN_BLOCK_CAPTURE_AUTORELEASING = YES;
				CLANG_WARN_BOOL_CONVERSION = YES;
				CLANG_WARN_COMMA = YES;
				CLANG_WARN_CONSTANT_CONVERSION = YES;
				CLANG_WARN_DEPRECATED_OBJC_IMPLEMENTATIONS = YES;
				CLANG_WARN_DIRECT_OBJC_ISA_USAGE = YES_ERROR;
				CLANG_WARN_DOCUMENTATION_COMMENTS = YES;
				CLANG_WARN_EMPTY_BODY = YES;
				CLANG_WARN_ENUM_CONVERSION = YES;
				CLANG_WARN_INFINITE_RECURSION = YES;
				CLANG_WARN_INT_CONVERSION = YES;
				CLANG_WARN_NON_LITERAL_NULL_CONVERSION = YES;
				CLANG_WARN_OBJC_IMPLICIT_RETAIN_SELF = YES;
				CLANG_WARN_OBJC_LITERAL_CONVERSION = YES;
				CLANG_WARN_OBJC_ROOT_CLASS = YES_ERROR;
				CLANG_WARN_QUOTED_INCLUDE_IN_FRAMEWORK_HEADER = YES;
				CLANG_WARN_RANGE_LOOP_ANALYSIS = YES;
				CLANG_WARN_STRICT_PROTOTYPES = YES;
				CLANG_WARN_SUSPICIOUS_MOVE = YES;
				CLANG_WARN_UNGUARDED_AVAILABILITY = YES_AGGRESSIVE;
				CLANG_WARN_UNREACHABLE_CODE = YES;
				CLANG_WARN__DUPLICATE_METHOD_MATCH = YES;
				COPY_PHASE_STRIP = NO;
				DEBUG_INFORMATION_FORMAT = "dwarf-with-dsym";
				ENABLE_NS_ASSERTIONS = NO;
				ENABLE_STRICT_OBJC_MSGSEND = YES;
				ENABLE_USER_SCRIPT_SANDBOXING = YES;
				GCC_C_LANGUAGE_STANDARD = gnu17;
				GCC_NO_COMMON_BLOCKS = YES;
				GCC_WARN_64_TO_32_BIT_CONVERSION = YES;
				GCC_WARN_ABOUT_RETURN_TYPE = YES_ERROR;
				GCC_WARN_UNDECLARED_SELECTOR = YES;
				GCC_WARN_UNINITIALIZED_AUTOS = YES_AGGRESSIVE;
				GCC_WARN_UNUSED_FUNCTION = YES;
				GCC_WARN_UNUSED_VARIABLE = YES;
				IPHONEOS_DEPLOYMENT_TARGET = 18.2;
				LOCALIZATION_PREFERS_STRING_CATALOGS = YES;
				MTL_ENABLE_DEBUG_INFO = NO;
				MTL_FAST_MATH = YES;
				SDKROOT = iphoneos;
				SWIFT_COMPILATION_MODE = wholemodule;
				VALIDATE_PRODUCT = YES;
			};
			name = Release;
		};
		5BE84F222D4DD1E700700AEE /* Debug */ = {
			isa = XCBuildConfiguration;
			buildSettings = {
				BUNDLE_LOADER = "$(TEST_HOST)";
				CODE_SIGN_STYLE = Automatic;
				CURRENT_PROJECT_VERSION = 1;
				GENERATE_INFOPLIST_FILE = YES;
				IPHONEOS_DEPLOYMENT_TARGET = 18.2;
				MARKETING_VERSION = 1.0;
				PRODUCT_BUNDLE_IDENTIFIER = "com.shuvangeeseth.Codepath-Project-1Tests";
				PRODUCT_NAME = "$(TARGET_NAME)";
				SWIFT_EMIT_LOC_STRINGS = NO;
				SWIFT_VERSION = 5.0;
				TARGETED_DEVICE_FAMILY = "1,2";
				TEST_HOST = "$(BUILT_PRODUCTS_DIR)/Codepath Project 1.app/$(BUNDLE_EXECUTABLE_FOLDER_PATH)/Codepath Project 1";
			};
			name = Debug;
		};
		5BE84F232D4DD1E700700AEE /* Release */ = {
			isa = XCBuildConfiguration;
			buildSettings = {
				BUNDLE_LOADER = "$(TEST_HOST)";
				CODE_SIGN_STYLE = Automatic;
				CURRENT_PROJECT_VERSION = 1;
				GENERATE_INFOPLIST_FILE = YES;
				IPHONEOS_DEPLOYMENT_TARGET = 18.2;
				MARKETING_VERSION = 1.0;
				PRODUCT_BUNDLE_IDENTIFIER = "com.shuvangeeseth.Codepath-Project-1Tests";
				PRODUCT_NAME = "$(TARGET_NAME)";
				SWIFT_EMIT_LOC_STRINGS = NO;
				SWIFT_VERSION = 5.0;
				TARGETED_DEVICE_FAMILY = "1,2";
				TEST_HOST = "$(BUILT_PRODUCTS_DIR)/Codepath Project 1.app/$(BUNDLE_EXECUTABLE_FOLDER_PATH)/Codepath Project 1";
			};
			name = Release;
		};
		5BE84F252D4DD1E700700AEE /* Debug */ = {
			isa = XCBuildConfiguration;
			buildSettings = {
				CODE_SIGN_STYLE = Automatic;
				CURRENT_PROJECT_VERSION = 1;
				GENERATE_INFOPLIST_FILE = YES;
				MARKETING_VERSION = 1.0;
				PRODUCT_BUNDLE_IDENTIFIER = "com.shuvangeeseth.Codepath-Project-1UITests";
				PRODUCT_NAME = "$(TARGET_NAME)";
				SWIFT_EMIT_LOC_STRINGS = NO;
				SWIFT_VERSION = 5.0;
				TARGETED_DEVICE_FAMILY = "1,2";
				TEST_TARGET_NAME = "Codepath Project 1";
			};
			name = Debug;
		};
		5BE84F262D4DD1E700700AEE /* Release */ = {
			isa = XCBuildConfiguration;
			buildSettings = {
				CODE_SIGN_STYLE = Automatic;
				CURRENT_PROJECT_VERSION = 1;
				GENERATE_INFOPLIST_FILE = YES;
				MARKETING_VERSION = 1.0;
				PRODUCT_BUNDLE_IDENTIFIER = "com.shuvangeeseth.Codepath-Project-1UITests";
				PRODUCT_NAME = "$(TARGET_NAME)";
				SWIFT_EMIT_LOC_STRINGS = NO;
				SWIFT_VERSION = 5.0;
				TARGETED_DEVICE_FAMILY = "1,2";
				TEST_TARGET_NAME = "Codepath Project 1";
			};
			name = Release;
		};
/* End XCBuildConfiguration section */

/* Begin XCConfigurationList section */
		5BE84EEE2D4DD1E400700AEE /* Build configuration list for PBXProject "Codepath Project 1" */ = {
			isa = XCConfigurationList;
			buildConfigurations = (
				5BE84F1F2D4DD1E700700AEE /* Debug */,
				5BE84F202D4DD1E700700AEE /* Release */,
			);
			defaultConfigurationIsVisible = 0;
			defaultConfigurationName = Release;
		};
		5BE84F1C2D4DD1E700700AEE /* Build configuration list for PBXNativeTarget "Codepath Project 1" */ = {
			isa = XCConfigurationList;
			buildConfigurations = (
				5BE84F1D2D4DD1E700700AEE /* Debug */,
				5BE84F1E2D4DD1E700700AEE /* Release */,
			);
			defaultConfigurationIsVisible = 0;
			defaultConfigurationName = Release;
		};
		5BE84F212D4DD1E700700AEE /* Build configuration list for PBXNativeTarget "Codepath Project 1Tests" */ = {
			isa = XCConfigurationList;
			buildConfigurations = (
				5BE84F222D4DD1E700700AEE /* Debug */,
				5BE84F232D4DD1E700700AEE /* Release */,
			);
			defaultConfigurationIsVisible = 0;
			defaultConfigurationName = Release;
		};
		5BE84F242D4DD1E700700AEE /* Build configuration list for PBXNativeTarget "Codepath Project 1UITests" */ = {
			isa = XCConfigurationList;
			buildConfigurations = (
				5BE84F252D4DD1E700700AEE /* Debug */,
				5BE84F262D4DD1E700700AEE /* Release */,
			);
			defaultConfigurationIsVisible = 0;
			defaultConfigurationName = Release;
		};
/* End XCConfigurationList section */
	};
	rootObject = 5BE84EEB2D4DD1E400700AEE /* Project object */;
}
